
Microsoft Visual Studio Solution File, Format Version 12.00
# Visual Studio 15
Project("{FAE04EC0-301F-11D3-BF4B-00C04F79EFBC}") = "Assembly-CSharp", "Assembly-CSharp.csproj", "{EE36763D-DA01-6F6E-47AE-04BB549EF316}"
EndProject
Global
	GlobalSection(SolutionConfigurationPlatforms) = preSolution
		Debug|Any CPU = Debug|Any CPU
		Release|Any CPU = Release|Any CPU
	EndGlobalSection
	GlobalSection(ProjectConfigurationPlatforms) = postSolution
		{EE36763D-DA01-6F6E-47AE-04BB549EF316}.Debug|Any CPU.ActiveCfg = Debug|Any CPU
		{EE36763D-DA01-6F6E-47AE-04BB549EF316}.Debug|Any CPU.Build.0 = Debug|Any CPU
		{EE36763D-DA01-6F6E-47AE-04BB549EF316}.Release|Any CPU.ActiveCfg = Release|Any CPU
		{EE36763D-DA01-6F6E-47AE-04BB549EF316}.Release|Any CPU.Build.0 = Release|Any CPU
	EndGlobalSection
	GlobalSection(SolutionProperties) = preSolution
		HideSolutionNode = FALSE
	EndGlobalSection
EndGlobal
